
Microsoft Visual Studio Solution File, Format Version 12.00
# Visual Studio Version 17
VisualStudioVersion = 17.6.33712.159
MinimumVisualStudioVersion = 10.0.40219.1
Project("{FAE04EC0-301F-11D3-BF4B-00C04F79EFBC}") = "Aula01_POO", "Aula01_POO\Aula01_POO.csproj", "{0534CE82-6A5B-482B-87CA-D8885B76B5DC}"
EndProject
Global
	GlobalSection(SolutionConfigurationPlatforms) = preSolution
		Debug|Any CPU = Debug|Any CPU
		Release|Any CPU = Release|Any CPU
	EndGlobalSection
	GlobalSection(ProjectConfigurationPlatforms) = postSolution
		{0534CE82-6A5B-482B-87CA-D8885B76B5DC}.Debug|Any CPU.ActiveCfg = Debug|Any CPU
		{0534CE82-6A5B-482B-87CA-D8885B76B5DC}.Debug|Any CPU.Build.0 = Debug|Any CPU
		{0534CE82-6A5B-482B-87CA-D8885B76B5DC}.Release|Any CPU.ActiveCfg = Release|Any CPU
		{0534CE82-6A5B-482B-87CA-D8885B76B5DC}.Release|Any CPU.Build.0 = Release|Any CPU
	EndGlobalSection
	GlobalSection(SolutionProperties) = preSolution
		HideSolutionNode = FALSE
	EndGlobalSection
	GlobalSection(ExtensibilityGlobals) = postSolution
		SolutionGuid = {E203EBF4-C460-4376-BB48-C3F2AF89E119}
	EndGlobalSection
EndGlobal
