
Microsoft Visual Studio Solution File, Format Version 12.00
# Visual Studio Version 17
VisualStudioVersion = 17.7.34031.279
MinimumVisualStudioVersion = 10.0.40219.1
Project("{FAE04EC0-301F-11D3-BF4B-00C04F79EFBC}") = "AreaQuadradoRetangulo", "AreaQuadradoRetangulo\AreaQuadradoRetangulo.csproj", "{FBA3E661-433C-4348-B28A-206679DD5E7C}"
EndProject
Global
	GlobalSection(SolutionConfigurationPlatforms) = preSolution
		Debug|Any CPU = Debug|Any CPU
		Release|Any CPU = Release|Any CPU
	EndGlobalSection
	GlobalSection(ProjectConfigurationPlatforms) = postSolution
		{FBA3E661-433C-4348-B28A-206679DD5E7C}.Debug|Any CPU.ActiveCfg = Debug|Any CPU
		{FBA3E661-433C-4348-B28A-206679DD5E7C}.Debug|Any CPU.Build.0 = Debug|Any CPU
		{FBA3E661-433C-4348-B28A-206679DD5E7C}.Release|Any CPU.ActiveCfg = Release|Any CPU
		{FBA3E661-433C-4348-B28A-206679DD5E7C}.Release|Any CPU.Build.0 = Release|Any CPU
	EndGlobalSection
	GlobalSection(SolutionProperties) = preSolution
		HideSolutionNode = FALSE
	EndGlobalSection
	GlobalSection(ExtensibilityGlobals) = postSolution
		SolutionGuid = {3CEAE5FB-6812-467F-8B33-54150208B594}
	EndGlobalSection
EndGlobal
